// !$*UTF8*$!
{
	archiveVersion = 1;
	classes = {
	};
	objectVersion = 56;
	objects = {

/* Begin PBXBuildFile section */
		BDBA8D8C2C49B4CF002B4DEC /* Social_DiaryApp.swift in Sources */ = {isa = PBXBuildFile; fileRef = BDBA8D8B2C49B4CF002B4DEC /* Social_DiaryApp.swift */; };
		BDBA8D8E2C49B4CF002B4DEC /* ContentView.swift in Sources */ = {isa = PBXBuildFile; fileRef = BDBA8D8D2C49B4CF002B4DEC /* ContentView.swift */; };
		BDBA8D902C49B4D1002B4DEC /* Assets.xcassets in Resources */ = {isa = PBXBuildFile; fileRef = BDBA8D8F2C49B4D1002B4DEC /* Assets.xcassets */; };
		BDBA8D932C49B4D1002B4DEC /* Preview Assets.xcassets in Resources */ = {isa = PBXBuildFile; fileRef = BDBA8D922C49B4D1002B4DEC /* Preview Assets.xcassets */; };
		BDBA8D9E2C49B6A9002B4DEC /* FirebaseAuth in Frameworks */ = {isa = PBXBuildFile; productRef = BDBA8D9D2C49B6A9002B4DEC /* FirebaseAuth */; };
		BDBA8DA02C49B6A9002B4DEC /* FirebaseFirestore in Frameworks */ = {isa = PBXBuildFile; productRef = BDBA8D9F2C49B6A9002B4DEC /* FirebaseFirestore */; };
		BDBA8DA22C49B6A9002B4DEC /* FirebaseFirestoreSwift in Frameworks */ = {isa = PBXBuildFile; productRef = BDBA8DA12C49B6A9002B4DEC /* FirebaseFirestoreSwift */; };
		BDBA8DA42C49B97D002B4DEC /* GoogleService-Info.plist in Resources */ = {isa = PBXBuildFile; fileRef = BDBA8DA32C49B97D002B4DEC /* GoogleService-Info.plist */; };
		BDBA8DA72C4AC7C0002B4DEC /* LoginView.swift in Sources */ = {isa = PBXBuildFile; fileRef = BDBA8DA62C4AC7C0002B4DEC /* LoginView.swift */; };
		BDBA8DA92C4AD369002B4DEC /* LoginViewModel.swift in Sources */ = {isa = PBXBuildFile; fileRef = BDBA8DA82C4AD369002B4DEC /* LoginViewModel.swift */; };
/* End PBXBuildFile section */

/* Begin PBXFileReference section */
		BDBA8D882C49B4CF002B4DEC /* Social Diary.app */ = {isa = PBXFileReference; explicitFileType = wrapper.application; includeInIndex = 0; path = "Social Diary.app"; sourceTree = BUILT_PRODUCTS_DIR; };
		BDBA8D8B2C49B4CF002B4DEC /* Social_DiaryApp.swift */ = {isa = PBXFileReference; lastKnownFileType = sourcecode.swift; path = Social_DiaryApp.swift; sourceTree = "<group>"; };
		BDBA8D8D2C49B4CF002B4DEC /* ContentView.swift */ = {isa = PBXFileReference; lastKnownFileType = sourcecode.swift; path = ContentView.swift; sourceTree = "<group>"; };
		BDBA8D8F2C49B4D1002B4DEC /* Assets.xcassets */ = {isa = PBXFileReference; lastKnownFileType = folder.assetcatalog; path = Assets.xcassets; sourceTree = "<group>"; };
		BDBA8D922C49B4D1002B4DEC /* Preview Assets.xcassets */ = {isa = PBXFileReference; lastKnownFileType = folder.assetcatalog; path = "Preview Assets.xcassets"; sourceTree = "<group>"; };
		BDBA8D942C49B4D1002B4DEC /* Social_Diary.entitlements */ = {isa = PBXFileReference; lastKnownFileType = text.plist.entitlements; path = Social_Diary.entitlements; sourceTree = "<group>"; };
		BDBA8DA32C49B97D002B4DEC /* GoogleService-Info.plist */ = {isa = PBXFileReference; fileEncoding = 4; lastKnownFileType = text.plist.xml; path = "GoogleService-Info.plist"; sourceTree = "<group>"; };
		BDBA8DA62C4AC7C0002B4DEC /* LoginView.swift */ = {isa = PBXFileReference; lastKnownFileType = sourcecode.swift; path = LoginView.swift; sourceTree = "<group>"; };
		BDBA8DA82C4AD369002B4DEC /* LoginViewModel.swift */ = {isa = PBXFileReference; lastKnownFileType = sourcecode.swift; path = LoginViewModel.swift; sourceTree = "<group>"; };
/* End PBXFileReference section */

/* Begin PBXFrameworksBuildPhase section */
		BDBA8D852C49B4CF002B4DEC /* Frameworks */ = {
			isa = PBXFrameworksBuildPhase;
			buildActionMask = 2147483647;
			files = (
				BDBA8D9E2C49B6A9002B4DEC /* FirebaseAuth in Frameworks */,
				BDBA8DA02C49B6A9002B4DEC /* FirebaseFirestore in Frameworks */,
				BDBA8DA22C49B6A9002B4DEC /* FirebaseFirestoreSwift in Frameworks */,
			);
			runOnlyForDeploymentPostprocessing = 0;
		};
/* End PBXFrameworksBuildPhase section */

/* Begin PBXGroup section */
		BDBA8D7F2C49B4CF002B4DEC = {
			isa = PBXGroup;
			children = (
				BDBA8D8A2C49B4CF002B4DEC /* Social Diary */,
				BDBA8D892C49B4CF002B4DEC /* Products */,
			);
			sourceTree = "<group>";
		};
		BDBA8D892C49B4CF002B4DEC /* Products */ = {
			isa = PBXGroup;
			children = (
				BDBA8D882C49B4CF002B4DEC /* Social Diary.app */,
			);
			name = Products;
			sourceTree = "<group>";
		};
		BDBA8D8A2C49B4CF002B4DEC /* Social Diary */ = {
			isa = PBXGroup;
			children = (
				BDBA8D8B2C49B4CF002B4DEC /* Social_DiaryApp.swift */,
				BDBA8D942C49B4D1002B4DEC /* Social_Diary.entitlements */,
				BDBA8DA52C4AC532002B4DEC /* Other */,
				BDBA8D9B2C49B578002B4DEC /* Views */,
				BDBA8D9A2C49B56F002B4DEC /* ViewModels */,
				BDBA8D912C49B4D1002B4DEC /* Preview Content */,
			);
			path = "Social Diary";
			sourceTree = "<group>";
		};
		BDBA8D912C49B4D1002B4DEC /* Preview Content */ = {
			isa = PBXGroup;
			children = (
				BDBA8D922C49B4D1002B4DEC /* Preview Assets.xcassets */,
			);
			path = "Preview Content";
			sourceTree = "<group>";
		};
		BDBA8D9A2C49B56F002B4DEC /* ViewModels */ = {
			isa = PBXGroup;
			children = (
				BDBA8DA82C4AD369002B4DEC /* LoginViewModel.swift */,
			);
			path = ViewModels;
			sourceTree = "<group>";
		};
		BDBA8D9B2C49B578002B4DEC /* Views */ = {
			isa = PBXGroup;
			children = (
				BDBA8D8D2C49B4CF002B4DEC /* ContentView.swift */,
				BDBA8DA62C4AC7C0002B4DEC /* LoginView.swift */,
			);
			path = Views;
			sourceTree = "<group>";
		};
		BDBA8DA52C4AC532002B4DEC /* Other */ = {
			isa = PBXGroup;
			children = (
				BDBA8D8F2C49B4D1002B4DEC /* Assets.xcassets */,
				BDBA8DA32C49B97D002B4DEC /* GoogleService-Info.plist */,
			);
			path = Other;
			sourceTree = "<group>";
		};
/* End PBXGroup section */

/* Begin PBXNativeTarget section */
		BDBA8D872C49B4CF002B4DEC /* Social Diary */ = {
			isa = PBXNativeTarget;
			buildConfigurationList = BDBA8D972C49B4D1002B4DEC /* Build configuration list for PBXNativeTarget "Social Diary" */;
			buildPhases = (
				BDBA8D842C49B4CF002B4DEC /* Sources */,
				BDBA8D852C49B4CF002B4DEC /* Frameworks */,
				BDBA8D862C49B4CF002B4DEC /* Resources */,
			);
			buildRules = (
			);
			dependencies = (
			);
			name = "Social Diary";
			packageProductDependencies = (
				BDBA8D9D2C49B6A9002B4DEC /* FirebaseAuth */,
				BDBA8D9F2C49B6A9002B4DEC /* FirebaseFirestore */,
				BDBA8DA12C49B6A9002B4DEC /* FirebaseFirestoreSwift */,
			);
			productName = "Social Diary";
			productReference = BDBA8D882C49B4CF002B4DEC /* Social Diary.app */;
			productType = "com.apple.product-type.application";
		};
/* End PBXNativeTarget section */

/* Begin PBXProject section */
		BDBA8D802C49B4CF002B4DEC /* Project object */ = {
			isa = PBXProject;
			attributes = {
				BuildIndependentTargetsInParallel = 1;
				LastSwiftUpdateCheck = 1540;
				LastUpgradeCheck = 1540;
				TargetAttributes = {
					BDBA8D872C49B4CF002B4DEC = {
						CreatedOnToolsVersion = 15.4;
					};
				};
			};
			buildConfigurationList = BDBA8D832C49B4CF002B4DEC /* Build configuration list for PBXProject "Social Diary" */;
			compatibilityVersion = "Xcode 14.0";
			developmentRegion = en;
			hasScannedForEncodings = 0;
			knownRegions = (
				en,
				Base,
			);
			mainGroup = BDBA8D7F2C49B4CF002B4DEC;
			packageReferences = (
				BDBA8D9C2C49B6A9002B4DEC /* XCRemoteSwiftPackageReference "firebase-ios-sdk" */,
			);
			productRefGroup = BDBA8D892C49B4CF002B4DEC /* Products */;
			projectDirPath = "";
			projectRoot = "";
			targets = (
				BDBA8D872C49B4CF002B4DEC /* Social Diary */,
			);
		};
/* End PBXProject section */

/* Begin PBXResourcesBuildPhase section */
		BDBA8D862C49B4CF002B4DEC /* Resources */ = {
			isa = PBXResourcesBuildPhase;
			buildActionMask = 2147483647;
			files = (
				BDBA8D932C49B4D1002B4DEC /* Preview Assets.xcassets in Resources */,
				BDBA8D902C49B4D1002B4DEC /* Assets.xcassets in Resources */,
				BDBA8DA42C49B97D002B4DEC /* GoogleService-Info.plist in Resources */,
			);
			runOnlyForDeploymentPostprocessing = 0;
		};
/* End PBXResourcesBuildPhase section */

/* Begin PBXSourcesBuildPhase section */
		BDBA8D842C49B4CF002B4DEC /* Sources */ = {
			isa = PBXSourcesBuildPhase;
			buildActionMask = 2147483647;
			files = (
				BDBA8DA92C4AD369002B4DEC /* LoginViewModel.swift in Sources */,
				BDBA8DA72C4AC7C0002B4DEC /* LoginView.swift in Sources */,
				BDBA8D8E2C49B4CF002B4DEC /* ContentView.swift in Sources */,
				BDBA8D8C2C49B4CF002B4DEC /* Social_DiaryApp.swift in Sources */,
			);
			runOnlyForDeploymentPostprocessing = 0;
		};
/* End PBXSourcesBuildPhase section */

/* Begin XCBuildConfiguration section */
		BDBA8D952C49B4D1002B4DEC /* Debug */ = {
			isa = XCBuildConfiguration;
			buildSettings = {
				ALWAYS_SEARCH_USER_PATHS = NO;
				ASSETCATALOG_COMPILER_GENERATE_SWIFT_ASSET_SYMBOL_EXTENSIONS = YES;
				CLANG_ANALYZER_NONNULL = YES;
				CLANG_ANALYZER_NUMBER_OBJECT_CONVERSION = YES_AGGRESSIVE;
				CLANG_CXX_LANGUAGE_STANDARD = "gnu++20";
				CLANG_ENABLE_MODULES = YES;
				CLANG_ENABLE_OBJC_ARC = YES;
				CLANG_ENABLE_OBJC_WEAK = YES;
				CLANG_WARN_BLOCK_CAPTURE_AUTORELEASING = YES;
				CLANG_WARN_BOOL_CONVERSION = YES;
				CLANG_WARN_COMMA = YES;
				CLANG_WARN_CONSTANT_CONVERSION = YES;
				CLANG_WARN_DEPRECATED_OBJC_IMPLEMENTATIONS = YES;
				CLANG_WARN_DIRECT_OBJC_ISA_USAGE = YES_ERROR;
				CLANG_WARN_DOCUMENTATION_COMMENTS = YES;
				CLANG_WARN_EMPTY_BODY = YES;
				CLANG_WARN_ENUM_CONVERSION = YES;
				CLANG_WARN_INFINITE_RECURSION = YES;
				CLANG_WARN_INT_CONVERSION = YES;
				CLANG_WARN_NON_LITERAL_NULL_CONVERSION = YES;
				CLANG_WARN_OBJC_IMPLICIT_RETAIN_SELF = YES;
				CLANG_WARN_OBJC_LITERAL_CONVERSION = YES;
				CLANG_WARN_OBJC_ROOT_CLASS = YES_ERROR;
				CLANG_WARN_QUOTED_INCLUDE_IN_FRAMEWORK_HEADER = YES;
				CLANG_WARN_RANGE_LOOP_ANALYSIS = YES;
				CLANG_WARN_STRICT_PROTOTYPES = YES;
				CLANG_WARN_SUSPICIOUS_MOVE = YES;
				CLANG_WARN_UNGUARDED_AVAILABILITY = YES_AGGRESSIVE;
				CLANG_WARN_UNREACHABLE_CODE = YES;
				CLANG_WARN__DUPLICATE_METHOD_MATCH = YES;
				COPY_PHASE_STRIP = NO;
				DEBUG_INFORMATION_FORMAT = dwarf;
				ENABLE_STRICT_OBJC_MSGSEND = YES;
				ENABLE_TESTABILITY = YES;
				ENABLE_USER_SCRIPT_SANDBOXING = YES;
				GCC_C_LANGUAGE_STANDARD = gnu17;
				GCC_DYNAMIC_NO_PIC = NO;
				GCC_NO_COMMON_BLOCKS = YES;
				GCC_OPTIMIZATION_LEVEL = 0;
				GCC_PREPROCESSOR_DEFINITIONS = (
					"DEBUG=1",
					"$(inherited)",
				);
				GCC_WARN_64_TO_32_BIT_CONVERSION = YES;
				GCC_WARN_ABOUT_RETURN_TYPE = YES_ERROR;
				GCC_WARN_UNDECLARED_SELECTOR = YES;
				GCC_WARN_UNINITIALIZED_AUTOS = YES_AGGRESSIVE;
				GCC_WARN_UNUSED_FUNCTION = YES;
				GCC_WARN_UNUSED_VARIABLE = YES;
				LOCALIZATION_PREFERS_STRING_CATALOGS = YES;
				MACOSX_DEPLOYMENT_TARGET = 14.5;
				MTL_ENABLE_DEBUG_INFO = INCLUDE_SOURCE;
				MTL_FAST_MATH = YES;
				ONLY_ACTIVE_ARCH = YES;
				SDKROOT = macosx;
				SWIFT_ACTIVE_COMPILATION_CONDITIONS = "DEBUG $(inherited)";
				SWIFT_OPTIMIZATION_LEVEL = "-Onone";
			};
			name = Debug;
		};
		BDBA8D962C49B4D1002B4DEC /* Release */ = {
			isa = XCBuildConfiguration;
			buildSettings = {
				ALWAYS_SEARCH_USER_PATHS = NO;
				ASSETCATALOG_COMPILER_GENERATE_SWIFT_ASSET_SYMBOL_EXTENSIONS = YES;
				CLANG_ANALYZER_NONNULL = YES;
				CLANG_ANALYZER_NUMBER_OBJECT_CONVERSION = YES_AGGRESSIVE;
				CLANG_CXX_LANGUAGE_STANDARD = "gnu++20";
				CLANG_ENABLE_MODULES = YES;
				CLANG_ENABLE_OBJC_ARC = YES;
				CLANG_ENABLE_OBJC_WEAK = YES;
				CLANG_WARN_BLOCK_CAPTURE_AUTORELEASING = YES;
				CLANG_WARN_BOOL_CONVERSION = YES;
				CLANG_WARN_COMMA = YES;
				CLANG_WARN_CONSTANT_CONVERSION = YES;
				CLANG_WARN_DEPRECATED_OBJC_IMPLEMENTATIONS = YES;
				CLANG_WARN_DIRECT_OBJC_ISA_USAGE = YES_ERROR;
				CLANG_WARN_DOCUMENTATION_COMMENTS = YES;
				CLANG_WARN_EMPTY_BODY = YES;
				CLANG_WARN_ENUM_CONVERSION = YES;
				CLANG_WARN_INFINITE_RECURSION = YES;
				CLANG_WARN_INT_CONVERSION = YES;
				CLANG_WARN_NON_LITERAL_NULL_CONVERSION = YES;
				CLANG_WARN_OBJC_IMPLICIT_RETAIN_SELF = YES;
				CLANG_WARN_OBJC_LITERAL_CONVERSION = YES;
				CLANG_WARN_OBJC_ROOT_CLASS = YES_ERROR;
				CLANG_WARN_QUOTED_INCLUDE_IN_FRAMEWORK_HEADER = YES;
				CLANG_WARN_RANGE_LOOP_ANALYSIS = YES;
				CLANG_WARN_STRICT_PROTOTYPES = YES;
				CLANG_WARN_SUSPICIOUS_MOVE = YES;
				CLANG_WARN_UNGUARDED_AVAILABILITY = YES_AGGRESSIVE;
				CLANG_WARN_UNREACHABLE_CODE = YES;
				CLANG_WARN__DUPLICATE_METHOD_MATCH = YES;
				COPY_PHASE_STRIP = NO;
				DEBUG_INFORMATION_FORMAT = "dwarf-with-dsym";
				ENABLE_NS_ASSERTIONS = NO;
				ENABLE_STRICT_OBJC_MSGSEND = YES;
				ENABLE_USER_SCRIPT_SANDBOXING = YES;
				GCC_C_LANGUAGE_STANDARD = gnu17;
				GCC_NO_COMMON_BLOCKS = YES;
				GCC_WARN_64_TO_32_BIT_CONVERSION = YES;
				GCC_WARN_ABOUT_RETURN_TYPE = YES_ERROR;
				GCC_WARN_UNDECLARED_SELECTOR = YES;
				GCC_WARN_UNINITIALIZED_AUTOS = YES_AGGRESSIVE;
				GCC_WARN_UNUSED_FUNCTION = YES;
				GCC_WARN_UNUSED_VARIABLE = YES;
				LOCALIZATION_PREFERS_STRING_CATALOGS = YES;
				MACOSX_DEPLOYMENT_TARGET = 14.5;
				MTL_ENABLE_DEBUG_INFO = NO;
				MTL_FAST_MATH = YES;
				SDKROOT = macosx;
				SWIFT_COMPILATION_MODE = wholemodule;
			};
			name = Release;
		};
		BDBA8D982C49B4D1002B4DEC /* Debug */ = {
			isa = XCBuildConfiguration;
			buildSettings = {
				ASSETCATALOG_COMPILER_APPICON_NAME = AppIcon;
				ASSETCATALOG_COMPILER_GLOBAL_ACCENT_COLOR_NAME = AccentColor;
				CODE_SIGN_ENTITLEMENTS = "Social Diary/Social_Diary.entitlements";
				CODE_SIGN_STYLE = Automatic;
				COMBINE_HIDPI_IMAGES = YES;
				CURRENT_PROJECT_VERSION = 1;
				DEVELOPMENT_ASSET_PATHS = "\"Social Diary/Preview Content\"";
				ENABLE_PREVIEWS = YES;
				GENERATE_INFOPLIST_FILE = YES;
				INFOPLIST_KEY_NSHumanReadableCopyright = "";
				INFOPLIST_KEY_UISupportedInterfaceOrientations = UIInterfaceOrientationPortrait;
				LD_RUNPATH_SEARCH_PATHS = (
					"$(inherited)",
					"@executable_path/../Frameworks",
				);
				MARKETING_VERSION = 1.0;
				PRODUCT_BUNDLE_IDENTIFIER = "seanhyu.Social-Diary";
				PRODUCT_NAME = "$(TARGET_NAME)";
				SUPPORTED_PLATFORMS = "iphoneos iphonesimulator";
				SUPPORTS_MACCATALYST = NO;
				SWIFT_EMIT_LOC_STRINGS = YES;
				SWIFT_VERSION = 5.0;
				TARGETED_DEVICE_FAMILY = 1;
			};
			name = Debug;
		};
		BDBA8D992C49B4D1002B4DEC /* Release */ = {
			isa = XCBuildConfiguration;
			buildSettings = {
				ASSETCATALOG_COMPILER_APPICON_NAME = AppIcon;
				ASSETCATALOG_COMPILER_GLOBAL_ACCENT_COLOR_NAME = AccentColor;
				CODE_SIGN_ENTITLEMENTS = "Social Diary/Social_Diary.entitlements";
				CODE_SIGN_STYLE = Automatic;
				COMBINE_HIDPI_IMAGES = YES;
				CURRENT_PROJECT_VERSION = 1;
				DEVELOPMENT_ASSET_PATHS = "\"Social Diary/Preview Content\"";
				ENABLE_PREVIEWS = YES;
				GENERATE_INFOPLIST_FILE = YES;
				INFOPLIST_KEY_NSHumanReadableCopyright = "";
				INFOPLIST_KEY_UISupportedInterfaceOrientations = UIInterfaceOrientationPortrait;
				LD_RUNPATH_SEARCH_PATHS = (
					"$(inherited)",
					"@executable_path/../Frameworks",
				);
				MARKETING_VERSION = 1.0;
				PRODUCT_BUNDLE_IDENTIFIER = "seanhyu.Social-Diary";
				PRODUCT_NAME = "$(TARGET_NAME)";
				SUPPORTED_PLATFORMS = "iphoneos iphonesimulator";
				SUPPORTS_MACCATALYST = NO;
				SWIFT_EMIT_LOC_STRINGS = YES;
				SWIFT_VERSION = 5.0;
				TARGETED_DEVICE_FAMILY = 1;
			};
			name = Release;
		};
/* End XCBuildConfiguration section */

/* Begin XCConfigurationList section */
		BDBA8D832C49B4CF002B4DEC /* Build configuration list for PBXProject "Social Diary" */ = {
			isa = XCConfigurationList;
			buildConfigurations = (
				BDBA8D952C49B4D1002B4DEC /* Debug */,
				BDBA8D962C49B4D1002B4DEC /* Release */,
			);
			defaultConfigurationIsVisible = 0;
			defaultConfigurationName = Release;
		};
		BDBA8D972C49B4D1002B4DEC /* Build configuration list for PBXNativeTarget "Social Diary" */ = {
			isa = XCConfigurationList;
			buildConfigurations = (
				BDBA8D982C49B4D1002B4DEC /* Debug */,
				BDBA8D992C49B4D1002B4DEC /* Release */,
			);
			defaultConfigurationIsVisible = 0;
			defaultConfigurationName = Release;
		};
/* End XCConfigurationList section */

/* Begin XCRemoteSwiftPackageReference section */
		BDBA8D9C2C49B6A9002B4DEC /* XCRemoteSwiftPackageReference "firebase-ios-sdk" */ = {
			isa = XCRemoteSwiftPackageReference;
			repositoryURL = "https://github.com/firebase/firebase-ios-sdk";
			requirement = {
				kind = upToNextMajorVersion;
				minimumVersion = 10.29.0;
			};
		};
/* End XCRemoteSwiftPackageReference section */

/* Begin XCSwiftPackageProductDependency section */
		BDBA8D9D2C49B6A9002B4DEC /* FirebaseAuth */ = {
			isa = XCSwiftPackageProductDependency;
			package = BDBA8D9C2C49B6A9002B4DEC /* XCRemoteSwiftPackageReference "firebase-ios-sdk" */;
			productName = FirebaseAuth;
		};
		BDBA8D9F2C49B6A9002B4DEC /* FirebaseFirestore */ = {
			isa = XCSwiftPackageProductDependency;
			package = BDBA8D9C2C49B6A9002B4DEC /* XCRemoteSwiftPackageReference "firebase-ios-sdk" */;
			productName = FirebaseFirestore;
		};
		BDBA8DA12C49B6A9002B4DEC /* FirebaseFirestoreSwift */ = {
			isa = XCSwiftPackageProductDependency;
			package = BDBA8D9C2C49B6A9002B4DEC /* XCRemoteSwiftPackageReference "firebase-ios-sdk" */;
			productName = FirebaseFirestoreSwift;
		};
/* End XCSwiftPackageProductDependency section */
	};
	rootObject = BDBA8D802C49B4CF002B4DEC /* Project object */;
}
